
Microsoft Visual Studio Solution File, Format Version 12.00
# Visual Studio Version 17
VisualStudioVersion = 17.5.001.0
MinimumVisualStudioVersion = 10.0.40219.1
Project("{2150E333-8FDC-42A3-9474-1A3956D46DE8}") = "src", "src", "{2C5DF5F7-1311-4B8D-9E79-6084BB8101E9}"
EndProject
Project("{9A19103F-16F7-4668-BE54-9A1E7A4F7556}") = "Arma.Demo.Core", "src\Arma.Demo.Core\Arma.Demo.Core.csproj", "{BC55F820-14E5-40E7-A32D-86AE171BCA75}"
EndProject
Project("{9A19103F-16F7-4668-BE54-9A1E7A4F7556}") = "CloudCli", "src\cli\CloudCli.csproj", "{3A7A2513-51E7-47FB-A638-518A9D85C03B}"
EndProject
Project("{9A19103F-16F7-4668-BE54-9A1E7A4F7556}") = "Core", "src\jps-core-api\Core.csproj", "{DA3CEC09-A7C9-43D9-8128-12B2E723FD95}"
EndProject
Project("{9A19103F-16F7-4668-BE54-9A1E7A4F7556}") = "Processor", "src\jps-processor\Processor.csproj", "{DD7B0CB0-0621-4875-81B2-33758B4EA245}"
EndProject
Project("{9A19103F-16F7-4668-BE54-9A1E7A4F7556}") = "Sync", "src\jps-sync\Sync.csproj", "{5C5A2C3F-4405-4A96-8A14-3CA4BA2BB800}"
EndProject
Project("{2150E333-8FDC-42A3-9474-1A3956D46DE8}") = "tests", "tests", "{1D795004-606A-4FA2-9E9A-2133FF4BDE61}"
EndProject
Project("{9A19103F-16F7-4668-BE54-9A1E7A4F7556}") = "AdcMiddlewareTest", "tests\adc-exception-middleware\AdcMiddlewareTest.csproj", "{AE36CD65-7630-4E5B-89D6-0BF3D011680F}"
EndProject
Project("{9A19103F-16F7-4668-BE54-9A1E7A4F7556}") = "Processor", "tests\processing-test\Processor.csproj", "{A579588F-3FD4-4E4A-94DD-4FF24C77F791}"
EndProject
Project("{2150E333-8FDC-42A3-9474-1A3956D46DE8}") = "acr-app-service", "acr-app-service", "{E7B1A635-9F0E-4F9D-8C7A-07CE8161C721}"
EndProject
Project("{9A19103F-16F7-4668-BE54-9A1E7A4F7556}") = "ContaineredApi", "tests\acr-app-service\jps-containered-api\ContaineredApi.csproj", "{337ECAE9-FEC0-46A4-8590-99B9F0288850}"
EndProject
Project("{2150E333-8FDC-42A3-9474-1A3956D46DE8}") = "ad-app-device-code", "ad-app-device-code", "{09C06A5D-1431-4838-AE3F-71CAF258EEE9}"
EndProject
Project("{9A19103F-16F7-4668-BE54-9A1E7A4F7556}") = "DevCodeCli", "tests\ad-app-device-code\cli\DevCodeCli.csproj", "{24B9A54B-1DFC-4E2A-9B7A-15DE519CFDA4}"
EndProject
Project("{9A19103F-16F7-4668-BE54-9A1E7A4F7556}") = "DevCode", "tests\ad-app-device-code\jps-devcode-api\DevCode.csproj", "{70DBCA99-C5A3-4FF0-BF01-9C70DF67282F}"
EndProject
Project("{2150E333-8FDC-42A3-9474-1A3956D46DE8}") = "cross-service-signalr", "cross-service-signalr", "{971175C7-4AFE-44E3-B8F3-05467FEB85E3}"
EndProject
Project("{2150E333-8FDC-42A3-9474-1A3956D46DE8}") = "apis", "apis", "{E7147F49-F2B0-42B6-8CCE-09329549CCAC}"
EndProject
Project("{9A19103F-16F7-4668-BE54-9A1E7A4F7556}") = "Core", "tests\cross-service-signalr\apis\core-api\Core.csproj", "{3663776B-8434-444A-A045-582DDA88B2E1}"
EndProject
Project("{9A19103F-16F7-4668-BE54-9A1E7A4F7556}") = "Processor", "tests\cross-service-signalr\apis\processor\Processor.csproj", "{381D0DB7-9F3A-4158-82D7-701D89AEAB66}"
EndProject
Project("{9A19103F-16F7-4668-BE54-9A1E7A4F7556}") = "SyncServer", "tests\cross-service-signalr\apis\sync-server\SyncServer.csproj", "{BC6F2AF5-89CF-4239-BB35-4286AB7ABD82}"
EndProject
Project("{2150E333-8FDC-42A3-9474-1A3956D46DE8}") = "app", "app", "{EF8673B8-74B4-4BE5-8562-12D211460EC4}"
EndProject
Project("{9A19103F-16F7-4668-BE54-9A1E7A4F7556}") = "CoreCli", "tests\cross-service-signalr\app\core-cli\CoreCli.csproj", "{FDF48E1A-CA62-4D1B-93C5-C1A24CC661F6}"
EndProject
Global
	GlobalSection(SolutionConfigurationPlatforms) = preSolution
		Debug|Any CPU = Debug|Any CPU
		Release|Any CPU = Release|Any CPU
	EndGlobalSection
	GlobalSection(ProjectConfigurationPlatforms) = postSolution
		{BC55F820-14E5-40E7-A32D-86AE171BCA75}.Debug|Any CPU.ActiveCfg = Debug|Any CPU
		{BC55F820-14E5-40E7-A32D-86AE171BCA75}.Debug|Any CPU.Build.0 = Debug|Any CPU
		{BC55F820-14E5-40E7-A32D-86AE171BCA75}.Release|Any CPU.ActiveCfg = Release|Any CPU
		{BC55F820-14E5-40E7-A32D-86AE171BCA75}.Release|Any CPU.Build.0 = Release|Any CPU
		{3A7A2513-51E7-47FB-A638-518A9D85C03B}.Debug|Any CPU.ActiveCfg = Debug|Any CPU
		{3A7A2513-51E7-47FB-A638-518A9D85C03B}.Debug|Any CPU.Build.0 = Debug|Any CPU
		{3A7A2513-51E7-47FB-A638-518A9D85C03B}.Release|Any CPU.ActiveCfg = Release|Any CPU
		{3A7A2513-51E7-47FB-A638-518A9D85C03B}.Release|Any CPU.Build.0 = Release|Any CPU
		{DA3CEC09-A7C9-43D9-8128-12B2E723FD95}.Debug|Any CPU.ActiveCfg = Debug|Any CPU
		{DA3CEC09-A7C9-43D9-8128-12B2E723FD95}.Debug|Any CPU.Build.0 = Debug|Any CPU
		{DA3CEC09-A7C9-43D9-8128-12B2E723FD95}.Release|Any CPU.ActiveCfg = Release|Any CPU
		{DA3CEC09-A7C9-43D9-8128-12B2E723FD95}.Release|Any CPU.Build.0 = Release|Any CPU
		{DD7B0CB0-0621-4875-81B2-33758B4EA245}.Debug|Any CPU.ActiveCfg = Debug|Any CPU
		{DD7B0CB0-0621-4875-81B2-33758B4EA245}.Debug|Any CPU.Build.0 = Debug|Any CPU
		{DD7B0CB0-0621-4875-81B2-33758B4EA245}.Release|Any CPU.ActiveCfg = Release|Any CPU
		{DD7B0CB0-0621-4875-81B2-33758B4EA245}.Release|Any CPU.Build.0 = Release|Any CPU
		{5C5A2C3F-4405-4A96-8A14-3CA4BA2BB800}.Debug|Any CPU.ActiveCfg = Debug|Any CPU
		{5C5A2C3F-4405-4A96-8A14-3CA4BA2BB800}.Debug|Any CPU.Build.0 = Debug|Any CPU
		{5C5A2C3F-4405-4A96-8A14-3CA4BA2BB800}.Release|Any CPU.ActiveCfg = Release|Any CPU
		{5C5A2C3F-4405-4A96-8A14-3CA4BA2BB800}.Release|Any CPU.Build.0 = Release|Any CPU
		{AE36CD65-7630-4E5B-89D6-0BF3D011680F}.Debug|Any CPU.ActiveCfg = Debug|Any CPU
		{AE36CD65-7630-4E5B-89D6-0BF3D011680F}.Debug|Any CPU.Build.0 = Debug|Any CPU
		{AE36CD65-7630-4E5B-89D6-0BF3D011680F}.Release|Any CPU.ActiveCfg = Release|Any CPU
		{AE36CD65-7630-4E5B-89D6-0BF3D011680F}.Release|Any CPU.Build.0 = Release|Any CPU
		{A579588F-3FD4-4E4A-94DD-4FF24C77F791}.Debug|Any CPU.ActiveCfg = Debug|Any CPU
		{A579588F-3FD4-4E4A-94DD-4FF24C77F791}.Debug|Any CPU.Build.0 = Debug|Any CPU
		{A579588F-3FD4-4E4A-94DD-4FF24C77F791}.Release|Any CPU.ActiveCfg = Release|Any CPU
		{A579588F-3FD4-4E4A-94DD-4FF24C77F791}.Release|Any CPU.Build.0 = Release|Any CPU
		{337ECAE9-FEC0-46A4-8590-99B9F0288850}.Debug|Any CPU.ActiveCfg = Debug|Any CPU
		{337ECAE9-FEC0-46A4-8590-99B9F0288850}.Debug|Any CPU.Build.0 = Debug|Any CPU
		{337ECAE9-FEC0-46A4-8590-99B9F0288850}.Release|Any CPU.ActiveCfg = Release|Any CPU
		{337ECAE9-FEC0-46A4-8590-99B9F0288850}.Release|Any CPU.Build.0 = Release|Any CPU
		{24B9A54B-1DFC-4E2A-9B7A-15DE519CFDA4}.Debug|Any CPU.ActiveCfg = Debug|Any CPU
		{24B9A54B-1DFC-4E2A-9B7A-15DE519CFDA4}.Debug|Any CPU.Build.0 = Debug|Any CPU
		{24B9A54B-1DFC-4E2A-9B7A-15DE519CFDA4}.Release|Any CPU.ActiveCfg = Release|Any CPU
		{24B9A54B-1DFC-4E2A-9B7A-15DE519CFDA4}.Release|Any CPU.Build.0 = Release|Any CPU
		{70DBCA99-C5A3-4FF0-BF01-9C70DF67282F}.Debug|Any CPU.ActiveCfg = Debug|Any CPU
		{70DBCA99-C5A3-4FF0-BF01-9C70DF67282F}.Debug|Any CPU.Build.0 = Debug|Any CPU
		{70DBCA99-C5A3-4FF0-BF01-9C70DF67282F}.Release|Any CPU.ActiveCfg = Release|Any CPU
		{70DBCA99-C5A3-4FF0-BF01-9C70DF67282F}.Release|Any CPU.Build.0 = Release|Any CPU
		{3663776B-8434-444A-A045-582DDA88B2E1}.Debug|Any CPU.ActiveCfg = Debug|Any CPU
		{3663776B-8434-444A-A045-582DDA88B2E1}.Debug|Any CPU.Build.0 = Debug|Any CPU
		{3663776B-8434-444A-A045-582DDA88B2E1}.Release|Any CPU.ActiveCfg = Release|Any CPU
		{3663776B-8434-444A-A045-582DDA88B2E1}.Release|Any CPU.Build.0 = Release|Any CPU
		{381D0DB7-9F3A-4158-82D7-701D89AEAB66}.Debug|Any CPU.ActiveCfg = Debug|Any CPU
		{381D0DB7-9F3A-4158-82D7-701D89AEAB66}.Debug|Any CPU.Build.0 = Debug|Any CPU
		{381D0DB7-9F3A-4158-82D7-701D89AEAB66}.Release|Any CPU.ActiveCfg = Release|Any CPU
		{381D0DB7-9F3A-4158-82D7-701D89AEAB66}.Release|Any CPU.Build.0 = Release|Any CPU
		{BC6F2AF5-89CF-4239-BB35-4286AB7ABD82}.Debug|Any CPU.ActiveCfg = Debug|Any CPU
		{BC6F2AF5-89CF-4239-BB35-4286AB7ABD82}.Debug|Any CPU.Build.0 = Debug|Any CPU
		{BC6F2AF5-89CF-4239-BB35-4286AB7ABD82}.Release|Any CPU.ActiveCfg = Release|Any CPU
		{BC6F2AF5-89CF-4239-BB35-4286AB7ABD82}.Release|Any CPU.Build.0 = Release|Any CPU
		{FDF48E1A-CA62-4D1B-93C5-C1A24CC661F6}.Debug|Any CPU.ActiveCfg = Debug|Any CPU
		{FDF48E1A-CA62-4D1B-93C5-C1A24CC661F6}.Debug|Any CPU.Build.0 = Debug|Any CPU
		{FDF48E1A-CA62-4D1B-93C5-C1A24CC661F6}.Release|Any CPU.ActiveCfg = Release|Any CPU
		{FDF48E1A-CA62-4D1B-93C5-C1A24CC661F6}.Release|Any CPU.Build.0 = Release|Any CPU
	EndGlobalSection
	GlobalSection(SolutionProperties) = preSolution
		HideSolutionNode = FALSE
	EndGlobalSection
	GlobalSection(NestedProjects) = preSolution
		{BC55F820-14E5-40E7-A32D-86AE171BCA75} = {2C5DF5F7-1311-4B8D-9E79-6084BB8101E9}
		{3A7A2513-51E7-47FB-A638-518A9D85C03B} = {2C5DF5F7-1311-4B8D-9E79-6084BB8101E9}
		{DA3CEC09-A7C9-43D9-8128-12B2E723FD95} = {2C5DF5F7-1311-4B8D-9E79-6084BB8101E9}
		{DD7B0CB0-0621-4875-81B2-33758B4EA245} = {2C5DF5F7-1311-4B8D-9E79-6084BB8101E9}
		{5C5A2C3F-4405-4A96-8A14-3CA4BA2BB800} = {2C5DF5F7-1311-4B8D-9E79-6084BB8101E9}
		{AE36CD65-7630-4E5B-89D6-0BF3D011680F} = {1D795004-606A-4FA2-9E9A-2133FF4BDE61}
		{A579588F-3FD4-4E4A-94DD-4FF24C77F791} = {1D795004-606A-4FA2-9E9A-2133FF4BDE61}
		{E7B1A635-9F0E-4F9D-8C7A-07CE8161C721} = {1D795004-606A-4FA2-9E9A-2133FF4BDE61}
		{337ECAE9-FEC0-46A4-8590-99B9F0288850} = {E7B1A635-9F0E-4F9D-8C7A-07CE8161C721}
		{09C06A5D-1431-4838-AE3F-71CAF258EEE9} = {1D795004-606A-4FA2-9E9A-2133FF4BDE61}
		{24B9A54B-1DFC-4E2A-9B7A-15DE519CFDA4} = {09C06A5D-1431-4838-AE3F-71CAF258EEE9}
		{70DBCA99-C5A3-4FF0-BF01-9C70DF67282F} = {09C06A5D-1431-4838-AE3F-71CAF258EEE9}
		{971175C7-4AFE-44E3-B8F3-05467FEB85E3} = {1D795004-606A-4FA2-9E9A-2133FF4BDE61}
		{E7147F49-F2B0-42B6-8CCE-09329549CCAC} = {971175C7-4AFE-44E3-B8F3-05467FEB85E3}
		{3663776B-8434-444A-A045-582DDA88B2E1} = {E7147F49-F2B0-42B6-8CCE-09329549CCAC}
		{381D0DB7-9F3A-4158-82D7-701D89AEAB66} = {E7147F49-F2B0-42B6-8CCE-09329549CCAC}
		{BC6F2AF5-89CF-4239-BB35-4286AB7ABD82} = {E7147F49-F2B0-42B6-8CCE-09329549CCAC}
		{EF8673B8-74B4-4BE5-8562-12D211460EC4} = {971175C7-4AFE-44E3-B8F3-05467FEB85E3}
		{FDF48E1A-CA62-4D1B-93C5-C1A24CC661F6} = {EF8673B8-74B4-4BE5-8562-12D211460EC4}
	EndGlobalSection
	GlobalSection(ExtensibilityGlobals) = postSolution
		SolutionGuid = {8A8684CD-3A60-40B7-9A25-475C04BF02F4}
	EndGlobalSection
EndGlobal
